// !$*UTF8*$!
{
	archiveVersion = 1;
	classes = {
	};
	objectVersion = 46;
	objects = {

/* Begin PBXBuildFile section */
		DA68E9E818C4F29700B15FEB /* Foundation.framework in Frameworks */ = {isa = PBXBuildFile; fileRef = DA68E9E718C4F29700B15FEB /* Foundation.framework */; };
		DA68E9EA18C4F29700B15FEB /* CoreGraphics.framework in Frameworks */ = {isa = PBXBuildFile; fileRef = DA68E9E918C4F29700B15FEB /* CoreGraphics.framework */; };
		DA68E9EC18C4F29700B15FEB /* UIKit.framework in Frameworks */ = {isa = PBXBuildFile; fileRef = DA68E9EB18C4F29700B15FEB /* UIKit.framework */; };
		DA68E9EE18C4F29700B15FEB /* CoreData.framework in Frameworks */ = {isa = PBXBuildFile; fileRef = DA68E9ED18C4F29700B15FEB /* CoreData.framework */; };
		DA68E9F418C4F29700B15FEB /* InfoPlist.strings in Resources */ = {isa = PBXBuildFile; fileRef = DA68E9F218C4F29700B15FEB /* InfoPlist.strings */; };
		DA68E9F618C4F29700B15FEB /* main.m in Sources */ = {isa = PBXBuildFile; fileRef = DA68E9F518C4F29700B15FEB /* main.m */; };
		DA68E9FA18C4F29700B15FEB /* MTAppDelegate.m in Sources */ = {isa = PBXBuildFile; fileRef = DA68E9F918C4F29700B15FEB /* MTAppDelegate.m */; };
		DA68E9FD18C4F29700B15FEB /* Main.storyboard in Resources */ = {isa = PBXBuildFile; fileRef = DA68E9FB18C4F29700B15FEB /* Main.storyboard */; };
		DA68EA0018C4F29700B15FEB /* Moto64.xcdatamodeld in Sources */ = {isa = PBXBuildFile; fileRef = DA68E9FE18C4F29700B15FEB /* Moto64.xcdatamodeld */; };
		DA68EA0318C4F29700B15FEB /* MTMasterViewController.m in Sources */ = {isa = PBXBuildFile; fileRef = DA68EA0218C4F29700B15FEB /* MTMasterViewController.m */; };
		DA68EA0618C4F29700B15FEB /* MTDetailViewController.m in Sources */ = {isa = PBXBuildFile; fileRef = DA68EA0518C4F29700B15FEB /* MTDetailViewController.m */; };
		DA68EA0818C4F29700B15FEB /* Images.xcassets in Resources */ = {isa = PBXBuildFile; fileRef = DA68EA0718C4F29700B15FEB /* Images.xcassets */; };
		DA68EA0F18C4F29700B15FEB /* XCTest.framework in Frameworks */ = {isa = PBXBuildFile; fileRef = DA68EA0E18C4F29700B15FEB /* XCTest.framework */; };
		DA68EA1018C4F29700B15FEB /* Foundation.framework in Frameworks */ = {isa = PBXBuildFile; fileRef = DA68E9E718C4F29700B15FEB /* Foundation.framework */; };
		DA68EA1118C4F29700B15FEB /* UIKit.framework in Frameworks */ = {isa = PBXBuildFile; fileRef = DA68E9EB18C4F29700B15FEB /* UIKit.framework */; };
		DA68EA1218C4F29700B15FEB /* CoreData.framework in Frameworks */ = {isa = PBXBuildFile; fileRef = DA68E9ED18C4F29700B15FEB /* CoreData.framework */; };
		DA68EA1A18C4F29700B15FEB /* InfoPlist.strings in Resources */ = {isa = PBXBuildFile; fileRef = DA68EA1818C4F29700B15FEB /* InfoPlist.strings */; };
		DA68EA1C18C4F29700B15FEB /* Moto64Tests.m in Sources */ = {isa = PBXBuildFile; fileRef = DA68EA1B18C4F29700B15FEB /* Moto64Tests.m */; };
/* End PBXBuildFile section */

/* Begin PBXContainerItemProxy section */
		DA68EA1318C4F29700B15FEB /* PBXContainerItemProxy */ = {
			isa = PBXContainerItemProxy;
			containerPortal = DA68E9DC18C4F29700B15FEB /* Project object */;
			proxyType = 1;
			remoteGlobalIDString = DA68E9E318C4F29700B15FEB;
			remoteInfo = Moto64;
		};
/* End PBXContainerItemProxy section */

/* Begin PBXFileReference section */
		DA68E9E418C4F29700B15FEB /* Moto64.app */ = {isa = PBXFileReference; explicitFileType = wrapper.application; includeInIndex = 0; path = Moto64.app; sourceTree = BUILT_PRODUCTS_DIR; };
		DA68E9E718C4F29700B15FEB /* Foundation.framework */ = {isa = PBXFileReference; lastKnownFileType = wrapper.framework; name = Foundation.framework; path = System/Library/Frameworks/Foundation.framework; sourceTree = SDKROOT; };
		DA68E9E918C4F29700B15FEB /* CoreGraphics.framework */ = {isa = PBXFileReference; lastKnownFileType = wrapper.framework; name = CoreGraphics.framework; path = System/Library/Frameworks/CoreGraphics.framework; sourceTree = SDKROOT; };
		DA68E9EB18C4F29700B15FEB /* UIKit.framework */ = {isa = PBXFileReference; lastKnownFileType = wrapper.framework; name = UIKit.framework; path = System/Library/Frameworks/UIKit.framework; sourceTree = SDKROOT; };
		DA68E9ED18C4F29700B15FEB /* CoreData.framework */ = {isa = PBXFileReference; lastKnownFileType = wrapper.framework; name = CoreData.framework; path = System/Library/Frameworks/CoreData.framework; sourceTree = SDKROOT; };
		DA68E9F118C4F29700B15FEB /* Moto64-Info.plist */ = {isa = PBXFileReference; lastKnownFileType = text.plist.xml; path = "Moto64-Info.plist"; sourceTree = "<group>"; };
		DA68E9F318C4F29700B15FEB /* en */ = {isa = PBXFileReference; lastKnownFileType = text.plist.strings; name = en; path = en.lproj/InfoPlist.strings; sourceTree = "<group>"; };
		DA68E9F518C4F29700B15FEB /* main.m */ = {isa = PBXFileReference; lastKnownFileType = sourcecode.c.objc; path = main.m; sourceTree = "<group>"; };
		DA68E9F718C4F29700B15FEB /* Moto64-Prefix.pch */ = {isa = PBXFileReference; lastKnownFileType = sourcecode.c.h; path = "Moto64-Prefix.pch"; sourceTree = "<group>"; };
		DA68E9F818C4F29700B15FEB /* MTAppDelegate.h */ = {isa = PBXFileReference; lastKnownFileType = sourcecode.c.h; path = MTAppDelegate.h; sourceTree = "<group>"; };
		DA68E9F918C4F29700B15FEB /* MTAppDelegate.m */ = {isa = PBXFileReference; lastKnownFileType = sourcecode.c.objc; path = MTAppDelegate.m; sourceTree = "<group>"; };
		DA68E9FC18C4F29700B15FEB /* Base */ = {isa = PBXFileReference; lastKnownFileType = file.storyboard; name = Base; path = Base.lproj/Main.storyboard; sourceTree = "<group>"; };
		DA68E9FF18C4F29700B15FEB /* Moto64.xcdatamodel */ = {isa = PBXFileReference; lastKnownFileType = wrapper.xcdatamodel; path = Moto64.xcdatamodel; sourceTree = "<group>"; };
		DA68EA0118C4F29700B15FEB /* MTMasterViewController.h */ = {isa = PBXFileReference; lastKnownFileType = sourcecode.c.h; path = MTMasterViewController.h; sourceTree = "<group>"; };
		DA68EA0218C4F29700B15FEB /* MTMasterViewController.m */ = {isa = PBXFileReference; lastKnownFileType = sourcecode.c.objc; path = MTMasterViewController.m; sourceTree = "<group>"; };
		DA68EA0418C4F29700B15FEB /* MTDetailViewController.h */ = {isa = PBXFileReference; lastKnownFileType = sourcecode.c.h; path = MTDetailViewController.h; sourceTree = "<group>"; };
		DA68EA0518C4F29700B15FEB /* MTDetailViewController.m */ = {isa = PBXFileReference; lastKnownFileType = sourcecode.c.objc; path = MTDetailViewController.m; sourceTree = "<group>"; };
		DA68EA0718C4F29700B15FEB /* Images.xcassets */ = {isa = PBXFileReference; lastKnownFileType = folder.assetcatalog; path = Images.xcassets; sourceTree = "<group>"; };
		DA68EA0D18C4F29700B15FEB /* Moto64Tests.xctest */ = {isa = PBXFileReference; explicitFileType = wrapper.cfbundle; includeInIndex = 0; path = Moto64Tests.xctest; sourceTree = BUILT_PRODUCTS_DIR; };
		DA68EA0E18C4F29700B15FEB /* XCTest.framework */ = {isa = PBXFileReference; lastKnownFileType = wrapper.framework; name = XCTest.framework; path = Library/Frameworks/XCTest.framework; sourceTree = DEVELOPER_DIR; };
		DA68EA1718C4F29700B15FEB /* Moto64Tests-Info.plist */ = {isa = PBXFileReference; lastKnownFileType = text.plist.xml; path = "Moto64Tests-Info.plist"; sourceTree = "<group>"; };
		DA68EA1918C4F29700B15FEB /* en */ = {isa = PBXFileReference; lastKnownFileType = text.plist.strings; name = en; path = en.lproj/InfoPlist.strings; sourceTree = "<group>"; };
		DA68EA1B18C4F29700B15FEB /* Moto64Tests.m */ = {isa = PBXFileReference; lastKnownFileType = sourcecode.c.objc; path = Moto64Tests.m; sourceTree = "<group>"; };
/* End PBXFileReference section */

/* Begin PBXFrameworksBuildPhase section */
		DA68E9E118C4F29700B15FEB /* Frameworks */ = {
			isa = PBXFrameworksBuildPhase;
			buildActionMask = 2147483647;
			files = (
				DA68E9EA18C4F29700B15FEB /* CoreGraphics.framework in Frameworks */,
				DA68E9EE18C4F29700B15FEB /* CoreData.framework in Frameworks */,
				DA68E9EC18C4F29700B15FEB /* UIKit.framework in Frameworks */,
				DA68E9E818C4F29700B15FEB /* Foundation.framework in Frameworks */,
			);
			runOnlyForDeploymentPostprocessing = 0;
		};
		DA68EA0A18C4F29700B15FEB /* Frameworks */ = {
			isa = PBXFrameworksBuildPhase;
			buildActionMask = 2147483647;
			files = (
				DA68EA0F18C4F29700B15FEB /* XCTest.framework in Frameworks */,
				DA68EA1218C4F29700B15FEB /* CoreData.framework in Frameworks */,
				DA68EA1118C4F29700B15FEB /* UIKit.framework in Frameworks */,
				DA68EA1018C4F29700B15FEB /* Foundation.framework in Frameworks */,
			);
			runOnlyForDeploymentPostprocessing = 0;
		};
/* End PBXFrameworksBuildPhase section */

/* Begin PBXGroup section */
		DA68E9DB18C4F29600B15FEB = {
			isa = PBXGroup;
			children = (
				DA68E9EF18C4F29700B15FEB /* Moto64 */,
				DA68EA1518C4F29700B15FEB /* Moto64Tests */,
				DA68E9E618C4F29700B15FEB /* Frameworks */,
				DA68E9E518C4F29700B15FEB /* Products */,
			);
			sourceTree = "<group>";
		};
		DA68E9E518C4F29700B15FEB /* Products */ = {
			isa = PBXGroup;
			children = (
				DA68E9E418C4F29700B15FEB /* Moto64.app */,
				DA68EA0D18C4F29700B15FEB /* Moto64Tests.xctest */,
			);
			name = Products;
			sourceTree = "<group>";
		};
		DA68E9E618C4F29700B15FEB /* Frameworks */ = {
			isa = PBXGroup;
			children = (
				DA68E9E718C4F29700B15FEB /* Foundation.framework */,
				DA68E9E918C4F29700B15FEB /* CoreGraphics.framework */,
				DA68E9EB18C4F29700B15FEB /* UIKit.framework */,
				DA68E9ED18C4F29700B15FEB /* CoreData.framework */,
				DA68EA0E18C4F29700B15FEB /* XCTest.framework */,
			);
			name = Frameworks;
			sourceTree = "<group>";
		};
		DA68E9EF18C4F29700B15FEB /* Moto64 */ = {
			isa = PBXGroup;
			children = (
				DA68E9F818C4F29700B15FEB /* MTAppDelegate.h */,
				DA68E9F918C4F29700B15FEB /* MTAppDelegate.m */,
				DA68E9FB18C4F29700B15FEB /* Main.storyboard */,
				DA68EA0118C4F29700B15FEB /* MTMasterViewController.h */,
				DA68EA0218C4F29700B15FEB /* MTMasterViewController.m */,
				DA68EA0418C4F29700B15FEB /* MTDetailViewController.h */,
				DA68EA0518C4F29700B15FEB /* MTDetailViewController.m */,
				DA68EA0718C4F29700B15FEB /* Images.xcassets */,
				DA68E9FE18C4F29700B15FEB /* Moto64.xcdatamodeld */,
				DA68E9F018C4F29700B15FEB /* Supporting Files */,
			);
			path = Moto64;
			sourceTree = "<group>";
		};
		DA68E9F018C4F29700B15FEB /* Supporting Files */ = {
			isa = PBXGroup;
			children = (
				DA68E9F118C4F29700B15FEB /* Moto64-Info.plist */,
				DA68E9F218C4F29700B15FEB /* InfoPlist.strings */,
				DA68E9F518C4F29700B15FEB /* main.m */,
				DA68E9F718C4F29700B15FEB /* Moto64-Prefix.pch */,
			);
			name = "Supporting Files";
			sourceTree = "<group>";
		};
		DA68EA1518C4F29700B15FEB /* Moto64Tests */ = {
			isa = PBXGroup;
			children = (
				DA68EA1B18C4F29700B15FEB /* Moto64Tests.m */,
				DA68EA1618C4F29700B15FEB /* Supporting Files */,
			);
			path = Moto64Tests;
			sourceTree = "<group>";
		};
		DA68EA1618C4F29700B15FEB /* Supporting Files */ = {
			isa = PBXGroup;
			children = (
				DA68EA1718C4F29700B15FEB /* Moto64Tests-Info.plist */,
				DA68EA1818C4F29700B15FEB /* InfoPlist.strings */,
			);
			name = "Supporting Files";
			sourceTree = "<group>";
		};
/* End PBXGroup section */

/* Begin PBXNativeTarget section */
		DA68E9E318C4F29700B15FEB /* Moto64 */ = {
			isa = PBXNativeTarget;
			buildConfigurationList = DA68EA1F18C4F29700B15FEB /* Build configuration list for PBXNativeTarget "Moto64" */;
			buildPhases = (
				DA68E9E018C4F29700B15FEB /* Sources */,
				DA68E9E118C4F29700B15FEB /* Frameworks */,
				DA68E9E218C4F29700B15FEB /* Resources */,
			);
			buildRules = (
			);
			dependencies = (
			);
			name = Moto64;
			productName = Moto64;
			productReference = DA68E9E418C4F29700B15FEB /* Moto64.app */;
			productType = "com.apple.product-type.application";
		};
		DA68EA0C18C4F29700B15FEB /* Moto64Tests */ = {
			isa = PBXNativeTarget;
			buildConfigurationList = DA68EA2218C4F29700B15FEB /* Build configuration list for PBXNativeTarget "Moto64Tests" */;
			buildPhases = (
				DA68EA0918C4F29700B15FEB /* Sources */,
				DA68EA0A18C4F29700B15FEB /* Frameworks */,
				DA68EA0B18C4F29700B15FEB /* Resources */,
			);
			buildRules = (
			);
			dependencies = (
				DA68EA1418C4F29700B15FEB /* PBXTargetDependency */,
			);
			name = Moto64Tests;
			productName = Moto64Tests;
			productReference = DA68EA0D18C4F29700B15FEB /* Moto64Tests.xctest */;
			productType = "com.apple.product-type.bundle.unit-test";
		};
/* End PBXNativeTarget section */

/* Begin PBXProject section */
		DA68E9DC18C4F29700B15FEB /* Project object */ = {
			isa = PBXProject;
			attributes = {
				CLASSPREFIX = MT;
				LastUpgradeCheck = 0500;
				ORGANIZATIONNAME = AseR;
				TargetAttributes = {
					DA68EA0C18C4F29700B15FEB = {
						TestTargetID = DA68E9E318C4F29700B15FEB;
					};
				};
			};
			buildConfigurationList = DA68E9DF18C4F29700B15FEB /* Build configuration list for PBXProject "Moto64" */;
			compatibilityVersion = "Xcode 3.2";
			developmentRegion = English;
			hasScannedForEncodings = 0;
			knownRegions = (
				en,
				Base,
			);
			mainGroup = DA68E9DB18C4F29600B15FEB;
			productRefGroup = DA68E9E518C4F29700B15FEB /* Products */;
			projectDirPath = "";
			projectRoot = "";
			targets = (
				DA68E9E318C4F29700B15FEB /* Moto64 */,
				DA68EA0C18C4F29700B15FEB /* Moto64Tests */,
			);
		};
/* End PBXProject section */

/* Begin PBXResourcesBuildPhase section */
		DA68E9E218C4F29700B15FEB /* Resources */ = {
			isa = PBXResourcesBuildPhase;
			buildActionMask = 2147483647;
			files = (
				DA68EA0818C4F29700B15FEB /* Images.xcassets in Resources */,
				DA68E9F418C4F29700B15FEB /* InfoPlist.strings in Resources */,
				DA68E9FD18C4F29700B15FEB /* Main.storyboard in Resources */,
			);
			runOnlyForDeploymentPostprocessing = 0;
		};
		DA68EA0B18C4F29700B15FEB /* Resources */ = {
			isa = PBXResourcesBuildPhase;
			buildActionMask = 2147483647;
			files = (
				DA68EA1A18C4F29700B15FEB /* InfoPlist.strings in Resources */,
			);
			runOnlyForDeploymentPostprocessing = 0;
		};
/* End PBXResourcesBuildPhase section */

/* Begin PBXSourcesBuildPhase section */
		DA68E9E018C4F29700B15FEB /* Sources */ = {
			isa = PBXSourcesBuildPhase;
			buildActionMask = 2147483647;
			files = (
				DA68E9F618C4F29700B15FEB /* main.m in Sources */,
				DA68EA0618C4F29700B15FEB /* MTDetailViewController.m in Sources */,
				DA68EA0018C4F29700B15FEB /* Moto64.xcdatamodeld in Sources */,
				DA68E9FA18C4F29700B15FEB /* MTAppDelegate.m in Sources */,
				DA68EA0318C4F29700B15FEB /* MTMasterViewController.m in Sources */,
			);
			runOnlyForDeploymentPostprocessing = 0;
		};
		DA68EA0918C4F29700B15FEB /* Sources */ = {
			isa = PBXSourcesBuildPhase;
			buildActionMask = 2147483647;
			files = (
				DA68EA1C18C4F29700B15FEB /* Moto64Tests.m in Sources */,
			);
			runOnlyForDeploymentPostprocessing = 0;
		};
/* End PBXSourcesBuildPhase section */

/* Begin PBXTargetDependency section */
		DA68EA1418C4F29700B15FEB /* PBXTargetDependency */ = {
			isa = PBXTargetDependency;
			target = DA68E9E318C4F29700B15FEB /* Moto64 */;
			targetProxy = DA68EA1318C4F29700B15FEB /* PBXContainerItemProxy */;
		};
/* End PBXTargetDependency section */

/* Begin PBXVariantGroup section */
		DA68E9F218C4F29700B15FEB /* InfoPlist.strings */ = {
			isa = PBXVariantGroup;
			children = (
				DA68E9F318C4F29700B15FEB /* en */,
			);
			name = InfoPlist.strings;
			sourceTree = "<group>";
		};
		DA68E9FB18C4F29700B15FEB /* Main.storyboard */ = {
			isa = PBXVariantGroup;
			children = (
				DA68E9FC18C4F29700B15FEB /* Base */,
			);
			name = Main.storyboard;
			sourceTree = "<group>";
		};
		DA68EA1818C4F29700B15FEB /* InfoPlist.strings */ = {
			isa = PBXVariantGroup;
			children = (
				DA68EA1918C4F29700B15FEB /* en */,
			);
			name = InfoPlist.strings;
			sourceTree = "<group>";
		};
/* End PBXVariantGroup section */

/* Begin XCBuildConfiguration section */
		DA68EA1D18C4F29700B15FEB /* Debug */ = {
			isa = XCBuildConfiguration;
			buildSettings = {
				ALWAYS_SEARCH_USER_PATHS = NO;
				ARCHS = "$(ARCHS_STANDARD_INCLUDING_64_BIT)";
				CLANG_CXX_LANGUAGE_STANDARD = "gnu++0x";
				CLANG_CXX_LIBRARY = "libc++";
				CLANG_ENABLE_MODULES = YES;
				CLANG_ENABLE_OBJC_ARC = YES;
				CLANG_WARN_BOOL_CONVERSION = YES;
				CLANG_WARN_CONSTANT_CONVERSION = YES;
				CLANG_WARN_DIRECT_OBJC_ISA_USAGE = YES_ERROR;
				CLANG_WARN_EMPTY_BODY = YES;
				CLANG_WARN_ENUM_CONVERSION = YES;
				CLANG_WARN_INT_CONVERSION = YES;
				CLANG_WARN_OBJC_ROOT_CLASS = YES_ERROR;
				CLANG_WARN__DUPLICATE_METHOD_MATCH = YES;
				"CODE_SIGN_IDENTITY[sdk=iphoneos*]" = "iPhone Developer";
				COPY_PHASE_STRIP = NO;
				GCC_C_LANGUAGE_STANDARD = gnu99;
				GCC_DYNAMIC_NO_PIC = NO;
				GCC_OPTIMIZATION_LEVEL = 0;
				GCC_PREPROCESSOR_DEFINITIONS = (
					"DEBUG=1",
					"$(inherited)",
				);
				GCC_SYMBOLS_PRIVATE_EXTERN = NO;
				GCC_WARN_64_TO_32_BIT_CONVERSION = YES;
				GCC_WARN_ABOUT_RETURN_TYPE = YES_ERROR;
				GCC_WARN_UNDECLARED_SELECTOR = YES;
				GCC_WARN_UNINITIALIZED_AUTOS = YES;
				GCC_WARN_UNUSED_FUNCTION = YES;
				GCC_WARN_UNUSED_VARIABLE = YES;
				IPHONEOS_DEPLOYMENT_TARGET = 7.0;
				ONLY_ACTIVE_ARCH = YES;
				SDKROOT = iphoneos;
			};
			name = Debug;
		};
		DA68EA1E18C4F29700B15FEB /* Release */ = {
			isa = XCBuildConfiguration;
			buildSettings = {
				ALWAYS_SEARCH_USER_PATHS = NO;
				ARCHS = "$(ARCHS_STANDARD_INCLUDING_64_BIT)";
				CLANG_CXX_LANGUAGE_STANDARD = "gnu++0x";
				CLANG_CXX_LIBRARY = "libc++";
				CLANG_ENABLE_MODULES = YES;
				CLANG_ENABLE_OBJC_ARC = YES;
				CLANG_WARN_BOOL_CONVERSION = YES;
				CLANG_WARN_CONSTANT_CONVERSION = YES;
				CLANG_WARN_DIRECT_OBJC_ISA_USAGE = YES_ERROR;
				CLANG_WARN_EMPTY_BODY = YES;
				CLANG_WARN_ENUM_CONVERSION = YES;
				CLANG_WARN_INT_CONVERSION = YES;
				CLANG_WARN_OBJC_ROOT_CLASS = YES_ERROR;
				CLANG_WARN__DUPLICATE_METHOD_MATCH = YES;
				"CODE_SIGN_IDENTITY[sdk=iphoneos*]" = "iPhone Developer";
				COPY_PHASE_STRIP = YES;
				ENABLE_NS_ASSERTIONS = NO;
				GCC_C_LANGUAGE_STANDARD = gnu99;
				GCC_WARN_64_TO_32_BIT_CONVERSION = YES;
				GCC_WARN_ABOUT_RETURN_TYPE = YES_ERROR;
				GCC_WARN_UNDECLARED_SELECTOR = YES;
				GCC_WARN_UNINITIALIZED_AUTOS = YES;
				GCC_WARN_UNUSED_FUNCTION = YES;
				GCC_WARN_UNUSED_VARIABLE = YES;
				IPHONEOS_DEPLOYMENT_TARGET = 7.0;
				SDKROOT = iphoneos;
				VALIDATE_PRODUCT = YES;
			};
			name = Release;
		};
		DA68EA2018C4F29700B15FEB /* Debug */ = {
			isa = XCBuildConfiguration;
			buildSettings = {
				ASSETCATALOG_COMPILER_APPICON_NAME = AppIcon;
				ASSETCATALOG_COMPILER_LAUNCHIMAGE_NAME = LaunchImage;
				GCC_PRECOMPILE_PREFIX_HEADER = YES;
				GCC_PREFIX_HEADER = "Moto64/Moto64-Prefix.pch";
				INFOPLIST_FILE = "Moto64/Moto64-Info.plist";
				PRODUCT_NAME = "$(TARGET_NAME)";
				WRAPPER_EXTENSION = app;
			};
			name = Debug;
		};
		DA68EA2118C4F29700B15FEB /* Release */ = {
			isa = XCBuildConfiguration;
			buildSettings = {
				ASSETCATALOG_COMPILER_APPICON_NAME = AppIcon;
				ASSETCATALOG_COMPILER_LAUNCHIMAGE_NAME = LaunchImage;
				GCC_PRECOMPILE_PREFIX_HEADER = YES;
				GCC_PREFIX_HEADER = "Moto64/Moto64-Prefix.pch";
				INFOPLIST_FILE = "Moto64/Moto64-Info.plist";
				PRODUCT_NAME = "$(TARGET_NAME)";
				WRAPPER_EXTENSION = app;
			};
			name = Release;
		};
		DA68EA2318C4F29700B15FEB /* Debug */ = {
			isa = XCBuildConfiguration;
			buildSettings = {
				ARCHS = "$(ARCHS_STANDARD_INCLUDING_64_BIT)";
				BUNDLE_LOADER = "$(BUILT_PRODUCTS_DIR)/Moto64.app/Moto64";
				FRAMEWORK_SEARCH_PATHS = (
					"$(SDKROOT)/Developer/Library/Frameworks",
					"$(inherited)",
					"$(DEVELOPER_FRAMEWORKS_DIR)",
				);
				GCC_PRECOMPILE_PREFIX_HEADER = YES;
				GCC_PREFIX_HEADER = "Moto64/Moto64-Prefix.pch";
				GCC_PREPROCESSOR_DEFINITIONS = (
					"DEBUG=1",
					"$(inherited)",
				);
				INFOPLIST_FILE = "Moto64Tests/Moto64Tests-Info.plist";
				PRODUCT_NAME = "$(TARGET_NAME)";
				TEST_HOST = "$(BUNDLE_LOADER)";
				WRAPPER_EXTENSION = xctest;
			};
			name = Debug;
		};
		DA68EA2418C4F29700B15FEB /* Release */ = {
			isa = XCBuildConfiguration;
			buildSettings = {
				ARCHS = "$(ARCHS_STANDARD_INCLUDING_64_BIT)";
				BUNDLE_LOADER = "$(BUILT_PRODUCTS_DIR)/Moto64.app/Moto64";
				FRAMEWORK_SEARCH_PATHS = (
					"$(SDKROOT)/Developer/Library/Frameworks",
					"$(inherited)",
					"$(DEVELOPER_FRAMEWORKS_DIR)",
				);
				GCC_PRECOMPILE_PREFIX_HEADER = YES;
				GCC_PREFIX_HEADER = "Moto64/Moto64-Prefix.pch";
				INFOPLIST_FILE = "Moto64Tests/Moto64Tests-Info.plist";
				PRODUCT_NAME = "$(TARGET_NAME)";
				TEST_HOST = "$(BUNDLE_LOADER)";
				WRAPPER_EXTENSION = xctest;
			};
			name = Release;
		};
/* End XCBuildConfiguration section */

/* Begin XCConfigurationList section */
		DA68E9DF18C4F29700B15FEB /* Build configuration list for PBXProject "Moto64" */ = {
			isa = XCConfigurationList;
			buildConfigurations = (
				DA68EA1D18C4F29700B15FEB /* Debug */,
				DA68EA1E18C4F29700B15FEB /* Release */,
			);
			defaultConfigurationIsVisible = 0;
			defaultConfigurationName = Release;
		};
		DA68EA1F18C4F29700B15FEB /* Build configuration list for PBXNativeTarget "Moto64" */ = {
			isa = XCConfigurationList;
			buildConfigurations = (
				DA68EA2018C4F29700B15FEB /* Debug */,
				DA68EA2118C4F29700B15FEB /* Release */,
			);
			defaultConfigurationIsVisible = 0;
		};
		DA68EA2218C4F29700B15FEB /* Build configuration list for PBXNativeTarget "Moto64Tests" */ = {
			isa = XCConfigurationList;
			buildConfigurations = (
				DA68EA2318C4F29700B15FEB /* Debug */,
				DA68EA2418C4F29700B15FEB /* Release */,
			);
			defaultConfigurationIsVisible = 0;
		};
/* End XCConfigurationList section */

/* Begin XCVersionGroup section */
		DA68E9FE18C4F29700B15FEB /* Moto64.xcdatamodeld */ = {
			isa = XCVersionGroup;
			children = (
				DA68E9FF18C4F29700B15FEB /* Moto64.xcdatamodel */,
			);
			currentVersion = DA68E9FF18C4F29700B15FEB /* Moto64.xcdatamodel */;
			path = Moto64.xcdatamodeld;
			sourceTree = "<group>";
			versionGroupType = wrapper.xcdatamodel;
		};
/* End XCVersionGroup section */
	};
	rootObject = DA68E9DC18C4F29700B15FEB /* Project object */;
}
